// !$*UTF8*$!
{
	archiveVersion = 1;
	classes = {
	};
	objectVersion = 56;
	objects = {

/* Begin PBXBuildFile section */
		45CFB09D84F008EB1D137D75 /* Pods_HomeWork_N1__4__HomeWork_N1__4_UITests.framework in Frameworks */ = {isa = PBXBuildFile; fileRef = 4C214566EE81303C6FDE4500 /* Pods_HomeWork_N1__4__HomeWork_N1__4_UITests.framework */; };
		556EBDC8CF022531F1C59D0C /* Pods_HomeWork_N1__4_.framework in Frameworks */ = {isa = PBXBuildFile; fileRef = 2EC309B27E1355E2242A4804 /* Pods_HomeWork_N1__4_.framework */; };
		AF17BF162954BF6900C391DF /* AppDelegate.swift in Sources */ = {isa = PBXBuildFile; fileRef = AF17BF152954BF6900C391DF /* AppDelegate.swift */; };
		AF17BF182954BF6900C391DF /* SceneDelegate.swift in Sources */ = {isa = PBXBuildFile; fileRef = AF17BF172954BF6900C391DF /* SceneDelegate.swift */; };
		AF17BF1A2954BF6900C391DF /* ViewController.swift in Sources */ = {isa = PBXBuildFile; fileRef = AF17BF192954BF6900C391DF /* ViewController.swift */; };
		AF17BF1D2954BF6900C391DF /* Main.storyboard in Resources */ = {isa = PBXBuildFile; fileRef = AF17BF1B2954BF6900C391DF /* Main.storyboard */; };
		AF17BF1F2954BF6C00C391DF /* Assets.xcassets in Resources */ = {isa = PBXBuildFile; fileRef = AF17BF1E2954BF6C00C391DF /* Assets.xcassets */; };
		AF17BF222954BF6C00C391DF /* LaunchScreen.storyboard in Resources */ = {isa = PBXBuildFile; fileRef = AF17BF202954BF6C00C391DF /* LaunchScreen.storyboard */; };
		AF17BF2D2954BF6C00C391DF /* HomeWork_N1__4_Tests.swift in Sources */ = {isa = PBXBuildFile; fileRef = AF17BF2C2954BF6C00C391DF /* HomeWork_N1__4_Tests.swift */; };
		AF17BF372954BF6C00C391DF /* HomeWork_N1__4_UITests.swift in Sources */ = {isa = PBXBuildFile; fileRef = AF17BF362954BF6C00C391DF /* HomeWork_N1__4_UITests.swift */; };
		AF17BF392954BF6C00C391DF /* HomeWork_N1__4_UITestsLaunchTests.swift in Sources */ = {isa = PBXBuildFile; fileRef = AF17BF382954BF6C00C391DF /* HomeWork_N1__4_UITestsLaunchTests.swift */; };
		DE6871129AC66D095D40CF69 /* Pods_HomeWork_N1__4_Tests.framework in Frameworks */ = {isa = PBXBuildFile; fileRef = F95B551E26E56FDE3685146B /* Pods_HomeWork_N1__4_Tests.framework */; };
/* End PBXBuildFile section */

/* Begin PBXContainerItemProxy section */
		AF17BF292954BF6C00C391DF /* PBXContainerItemProxy */ = {
			isa = PBXContainerItemProxy;
			containerPortal = AF17BF0A2954BF6900C391DF /* Project object */;
			proxyType = 1;
			remoteGlobalIDString = AF17BF112954BF6900C391DF;
			remoteInfo = "HomeWork N1 (4)";
		};
		AF17BF332954BF6C00C391DF /* PBXContainerItemProxy */ = {
			isa = PBXContainerItemProxy;
			containerPortal = AF17BF0A2954BF6900C391DF /* Project object */;
			proxyType = 1;
			remoteGlobalIDString = AF17BF112954BF6900C391DF;
			remoteInfo = "HomeWork N1 (4)";
		};
/* End PBXContainerItemProxy section */

/* Begin PBXFileReference section */
		19D2EC19518E6C1F61A210DD /* Pods-HomeWork N1 (4)Tests.debug.xcconfig */ = {isa = PBXFileReference; includeInIndex = 1; lastKnownFileType = text.xcconfig; name = "Pods-HomeWork N1 (4)Tests.debug.xcconfig"; path = "Target Support Files/Pods-HomeWork N1 (4)Tests/Pods-HomeWork N1 (4)Tests.debug.xcconfig"; sourceTree = "<group>"; };
		2EC309B27E1355E2242A4804 /* Pods_HomeWork_N1__4_.framework */ = {isa = PBXFileReference; explicitFileType = wrapper.framework; includeInIndex = 0; path = Pods_HomeWork_N1__4_.framework; sourceTree = BUILT_PRODUCTS_DIR; };
		3FB4A19BBF550D4E5B9698F8 /* Pods-HomeWork N1 (4).debug.xcconfig */ = {isa = PBXFileReference; includeInIndex = 1; lastKnownFileType = text.xcconfig; name = "Pods-HomeWork N1 (4).debug.xcconfig"; path = "Target Support Files/Pods-HomeWork N1 (4)/Pods-HomeWork N1 (4).debug.xcconfig"; sourceTree = "<group>"; };
		4C214566EE81303C6FDE4500 /* Pods_HomeWork_N1__4__HomeWork_N1__4_UITests.framework */ = {isa = PBXFileReference; explicitFileType = wrapper.framework; includeInIndex = 0; path = Pods_HomeWork_N1__4__HomeWork_N1__4_UITests.framework; sourceTree = BUILT_PRODUCTS_DIR; };
		7E022216FD75BEE4EE5979D3 /* Pods-HomeWork N1 (4)-HomeWork N1 (4)UITests.release.xcconfig */ = {isa = PBXFileReference; includeInIndex = 1; lastKnownFileType = text.xcconfig; name = "Pods-HomeWork N1 (4)-HomeWork N1 (4)UITests.release.xcconfig"; path = "Target Support Files/Pods-HomeWork N1 (4)-HomeWork N1 (4)UITests/Pods-HomeWork N1 (4)-HomeWork N1 (4)UITests.release.xcconfig"; sourceTree = "<group>"; };
		92936A4B30D2B7DCA3E36B9C /* Pods-HomeWork N1 (4).release.xcconfig */ = {isa = PBXFileReference; includeInIndex = 1; lastKnownFileType = text.xcconfig; name = "Pods-HomeWork N1 (4).release.xcconfig"; path = "Target Support Files/Pods-HomeWork N1 (4)/Pods-HomeWork N1 (4).release.xcconfig"; sourceTree = "<group>"; };
		AF17BF122954BF6900C391DF /* HomeWork N1 (4).app */ = {isa = PBXFileReference; explicitFileType = wrapper.application; includeInIndex = 0; path = "HomeWork N1 (4).app"; sourceTree = BUILT_PRODUCTS_DIR; };
		AF17BF152954BF6900C391DF /* AppDelegate.swift */ = {isa = PBXFileReference; lastKnownFileType = sourcecode.swift; path = AppDelegate.swift; sourceTree = "<group>"; };
		AF17BF172954BF6900C391DF /* SceneDelegate.swift */ = {isa = PBXFileReference; lastKnownFileType = sourcecode.swift; path = SceneDelegate.swift; sourceTree = "<group>"; };
		AF17BF192954BF6900C391DF /* ViewController.swift */ = {isa = PBXFileReference; lastKnownFileType = sourcecode.swift; path = ViewController.swift; sourceTree = "<group>"; };
		AF17BF1C2954BF6900C391DF /* Base */ = {isa = PBXFileReference; lastKnownFileType = file.storyboard; name = Base; path = Base.lproj/Main.storyboard; sourceTree = "<group>"; };
		AF17BF1E2954BF6C00C391DF /* Assets.xcassets */ = {isa = PBXFileReference; lastKnownFileType = folder.assetcatalog; path = Assets.xcassets; sourceTree = "<group>"; };
		AF17BF212954BF6C00C391DF /* Base */ = {isa = PBXFileReference; lastKnownFileType = file.storyboard; name = Base; path = Base.lproj/LaunchScreen.storyboard; sourceTree = "<group>"; };
		AF17BF232954BF6C00C391DF /* Info.plist */ = {isa = PBXFileReference; lastKnownFileType = text.plist.xml; path = Info.plist; sourceTree = "<group>"; };
		AF17BF282954BF6C00C391DF /* HomeWork N1 (4)Tests.xctest */ = {isa = PBXFileReference; explicitFileType = wrapper.cfbundle; includeInIndex = 0; path = "HomeWork N1 (4)Tests.xctest"; sourceTree = BUILT_PRODUCTS_DIR; };
		AF17BF2C2954BF6C00C391DF /* HomeWork_N1__4_Tests.swift */ = {isa = PBXFileReference; lastKnownFileType = sourcecode.swift; path = HomeWork_N1__4_Tests.swift; sourceTree = "<group>"; };
		AF17BF322954BF6C00C391DF /* HomeWork N1 (4)UITests.xctest */ = {isa = PBXFileReference; explicitFileType = wrapper.cfbundle; includeInIndex = 0; path = "HomeWork N1 (4)UITests.xctest"; sourceTree = BUILT_PRODUCTS_DIR; };
		AF17BF362954BF6C00C391DF /* HomeWork_N1__4_UITests.swift */ = {isa = PBXFileReference; lastKnownFileType = sourcecode.swift; path = HomeWork_N1__4_UITests.swift; sourceTree = "<group>"; };
		AF17BF382954BF6C00C391DF /* HomeWork_N1__4_UITestsLaunchTests.swift */ = {isa = PBXFileReference; lastKnownFileType = sourcecode.swift; path = HomeWork_N1__4_UITestsLaunchTests.swift; sourceTree = "<group>"; };
		C0F97A9C8FC49F69748C3211 /* Pods-HomeWork N1 (4)Tests.release.xcconfig */ = {isa = PBXFileReference; includeInIndex = 1; lastKnownFileType = text.xcconfig; name = "Pods-HomeWork N1 (4)Tests.release.xcconfig"; path = "Target Support Files/Pods-HomeWork N1 (4)Tests/Pods-HomeWork N1 (4)Tests.release.xcconfig"; sourceTree = "<group>"; };
		F76ACD2044832F5D93B79DA5 /* Pods-HomeWork N1 (4)-HomeWork N1 (4)UITests.debug.xcconfig */ = {isa = PBXFileReference; includeInIndex = 1; lastKnownFileType = text.xcconfig; name = "Pods-HomeWork N1 (4)-HomeWork N1 (4)UITests.debug.xcconfig"; path = "Target Support Files/Pods-HomeWork N1 (4)-HomeWork N1 (4)UITests/Pods-HomeWork N1 (4)-HomeWork N1 (4)UITests.debug.xcconfig"; sourceTree = "<group>"; };
		F95B551E26E56FDE3685146B /* Pods_HomeWork_N1__4_Tests.framework */ = {isa = PBXFileReference; explicitFileType = wrapper.framework; includeInIndex = 0; path = Pods_HomeWork_N1__4_Tests.framework; sourceTree = BUILT_PRODUCTS_DIR; };
/* End PBXFileReference section */

/* Begin PBXFrameworksBuildPhase section */
		AF17BF0F2954BF6900C391DF /* Frameworks */ = {
			isa = PBXFrameworksBuildPhase;
			buildActionMask = 2147483647;
			files = (
				556EBDC8CF022531F1C59D0C /* Pods_HomeWork_N1__4_.framework in Frameworks */,
			);
			runOnlyForDeploymentPostprocessing = 0;
		};
		AF17BF252954BF6C00C391DF /* Frameworks */ = {
			isa = PBXFrameworksBuildPhase;
			buildActionMask = 2147483647;
			files = (
				DE6871129AC66D095D40CF69 /* Pods_HomeWork_N1__4_Tests.framework in Frameworks */,
			);
			runOnlyForDeploymentPostprocessing = 0;
		};
		AF17BF2F2954BF6C00C391DF /* Frameworks */ = {
			isa = PBXFrameworksBuildPhase;
			buildActionMask = 2147483647;
			files = (
				45CFB09D84F008EB1D137D75 /* Pods_HomeWork_N1__4__HomeWork_N1__4_UITests.framework in Frameworks */,
			);
			runOnlyForDeploymentPostprocessing = 0;
		};
/* End PBXFrameworksBuildPhase section */

/* Begin PBXGroup section */
		6D82CEDEBB6849642505D79F /* Frameworks */ = {
			isa = PBXGroup;
			children = (
				2EC309B27E1355E2242A4804 /* Pods_HomeWork_N1__4_.framework */,
				4C214566EE81303C6FDE4500 /* Pods_HomeWork_N1__4__HomeWork_N1__4_UITests.framework */,
				F95B551E26E56FDE3685146B /* Pods_HomeWork_N1__4_Tests.framework */,
			);
			name = Frameworks;
			sourceTree = "<group>";
		};
		9441E47AE40FA4E8228AB1EB /* Pods */ = {
			isa = PBXGroup;
			children = (
				3FB4A19BBF550D4E5B9698F8 /* Pods-HomeWork N1 (4).debug.xcconfig */,
				92936A4B30D2B7DCA3E36B9C /* Pods-HomeWork N1 (4).release.xcconfig */,
				F76ACD2044832F5D93B79DA5 /* Pods-HomeWork N1 (4)-HomeWork N1 (4)UITests.debug.xcconfig */,
				7E022216FD75BEE4EE5979D3 /* Pods-HomeWork N1 (4)-HomeWork N1 (4)UITests.release.xcconfig */,
				19D2EC19518E6C1F61A210DD /* Pods-HomeWork N1 (4)Tests.debug.xcconfig */,
				C0F97A9C8FC49F69748C3211 /* Pods-HomeWork N1 (4)Tests.release.xcconfig */,
			);
			name = Pods;
			path = Pods;
			sourceTree = "<group>";
		};
		AF17BF092954BF6900C391DF = {
			isa = PBXGroup;
			children = (
				AF17BF142954BF6900C391DF /* HomeWork N1 (4) */,
				AF17BF2B2954BF6C00C391DF /* HomeWork N1 (4)Tests */,
				AF17BF352954BF6C00C391DF /* HomeWork N1 (4)UITests */,
				AF17BF132954BF6900C391DF /* Products */,
				9441E47AE40FA4E8228AB1EB /* Pods */,
				6D82CEDEBB6849642505D79F /* Frameworks */,
			);
			sourceTree = "<group>";
		};
		AF17BF132954BF6900C391DF /* Products */ = {
			isa = PBXGroup;
			children = (
				AF17BF122954BF6900C391DF /* HomeWork N1 (4).app */,
				AF17BF282954BF6C00C391DF /* HomeWork N1 (4)Tests.xctest */,
				AF17BF322954BF6C00C391DF /* HomeWork N1 (4)UITests.xctest */,
			);
			name = Products;
			sourceTree = "<group>";
		};
		AF17BF142954BF6900C391DF /* HomeWork N1 (4) */ = {
			isa = PBXGroup;
			children = (
				AF17BF152954BF6900C391DF /* AppDelegate.swift */,
				AF17BF172954BF6900C391DF /* SceneDelegate.swift */,
				AF17BF192954BF6900C391DF /* ViewController.swift */,
				AF17BF1B2954BF6900C391DF /* Main.storyboard */,
				AF17BF1E2954BF6C00C391DF /* Assets.xcassets */,
				AF17BF202954BF6C00C391DF /* LaunchScreen.storyboard */,
				AF17BF232954BF6C00C391DF /* Info.plist */,
			);
			path = "HomeWork N1 (4)";
			sourceTree = "<group>";
		};
		AF17BF2B2954BF6C00C391DF /* HomeWork N1 (4)Tests */ = {
			isa = PBXGroup;
			children = (
				AF17BF2C2954BF6C00C391DF /* HomeWork_N1__4_Tests.swift */,
			);
			path = "HomeWork N1 (4)Tests";
			sourceTree = "<group>";
		};
		AF17BF352954BF6C00C391DF /* HomeWork N1 (4)UITests */ = {
			isa = PBXGroup;
			children = (
				AF17BF362954BF6C00C391DF /* HomeWork_N1__4_UITests.swift */,
				AF17BF382954BF6C00C391DF /* HomeWork_N1__4_UITestsLaunchTests.swift */,
			);
			path = "HomeWork N1 (4)UITests";
			sourceTree = "<group>";
		};
/* End PBXGroup section */

/* Begin PBXNativeTarget section */
		AF17BF112954BF6900C391DF /* HomeWork N1 (4) */ = {
			isa = PBXNativeTarget;
			buildConfigurationList = AF17BF3C2954BF6C00C391DF /* Build configuration list for PBXNativeTarget "HomeWork N1 (4)" */;
			buildPhases = (
				C4B98D138B11F7C17C00EA41 /* [CP] Check Pods Manifest.lock */,
				AF17BF0E2954BF6900C391DF /* Sources */,
				AF17BF0F2954BF6900C391DF /* Frameworks */,
				AF17BF102954BF6900C391DF /* Resources */,
				9E7D1AB1B950F65DBA5FE68A /* [CP] Embed Pods Frameworks */,
			);
			buildRules = (
			);
			dependencies = (
			);
			name = "HomeWork N1 (4)";
			productName = "HomeWork N1 (4)";
			productReference = AF17BF122954BF6900C391DF /* HomeWork N1 (4).app */;
			productType = "com.apple.product-type.application";
		};
		AF17BF272954BF6C00C391DF /* HomeWork N1 (4)Tests */ = {
			isa = PBXNativeTarget;
			buildConfigurationList = AF17BF3F2954BF6C00C391DF /* Build configuration list for PBXNativeTarget "HomeWork N1 (4)Tests" */;
			buildPhases = (
				DF72D27A984C3C4F192F9EBC /* [CP] Check Pods Manifest.lock */,
				AF17BF242954BF6C00C391DF /* Sources */,
				AF17BF252954BF6C00C391DF /* Frameworks */,
				AF17BF262954BF6C00C391DF /* Resources */,
				F2423F9DEC4F229E77B8F80B /* [CP] Embed Pods Frameworks */,
			);
			buildRules = (
			);
			dependencies = (
				AF17BF2A2954BF6C00C391DF /* PBXTargetDependency */,
			);
			name = "HomeWork N1 (4)Tests";
			productName = "HomeWork N1 (4)Tests";
			productReference = AF17BF282954BF6C00C391DF /* HomeWork N1 (4)Tests.xctest */;
			productType = "com.apple.product-type.bundle.unit-test";
		};
		AF17BF312954BF6C00C391DF /* HomeWork N1 (4)UITests */ = {
			isa = PBXNativeTarget;
			buildConfigurationList = AF17BF422954BF6C00C391DF /* Build configuration list for PBXNativeTarget "HomeWork N1 (4)UITests" */;
			buildPhases = (
				1C1E2576C1D18DC611D42871 /* [CP] Check Pods Manifest.lock */,
				AF17BF2E2954BF6C00C391DF /* Sources */,
				AF17BF2F2954BF6C00C391DF /* Frameworks */,
				AF17BF302954BF6C00C391DF /* Resources */,
				1102EA44373F4BAA8A5A8AB4 /* [CP] Embed Pods Frameworks */,
			);
			buildRules = (
			);
			dependencies = (
				AF17BF342954BF6C00C391DF /* PBXTargetDependency */,
			);
			name = "HomeWork N1 (4)UITests";
			productName = "HomeWork N1 (4)UITests";
			productReference = AF17BF322954BF6C00C391DF /* HomeWork N1 (4)UITests.xctest */;
			productType = "com.apple.product-type.bundle.ui-testing";
		};
/* End PBXNativeTarget section */

/* Begin PBXProject section */
		AF17BF0A2954BF6900C391DF /* Project object */ = {
			isa = PBXProject;
			attributes = {
				BuildIndependentTargetsInParallel = 1;
				LastSwiftUpdateCheck = 1420;
				LastUpgradeCheck = 1420;
				TargetAttributes = {
					AF17BF112954BF6900C391DF = {
						CreatedOnToolsVersion = 14.2;
					};
					AF17BF272954BF6C00C391DF = {
						CreatedOnToolsVersion = 14.2;
						TestTargetID = AF17BF112954BF6900C391DF;
					};
					AF17BF312954BF6C00C391DF = {
						CreatedOnToolsVersion = 14.2;
						TestTargetID = AF17BF112954BF6900C391DF;
					};
				};
			};
			buildConfigurationList = AF17BF0D2954BF6900C391DF /* Build configuration list for PBXProject "HomeWork N1 (4)" */;
			compatibilityVersion = "Xcode 14.0";
			developmentRegion = en;
			hasScannedForEncodings = 0;
			knownRegions = (
				en,
				Base,
			);
			mainGroup = AF17BF092954BF6900C391DF;
			productRefGroup = AF17BF132954BF6900C391DF /* Products */;
			projectDirPath = "";
			projectRoot = "";
			targets = (
				AF17BF112954BF6900C391DF /* HomeWork N1 (4) */,
				AF17BF272954BF6C00C391DF /* HomeWork N1 (4)Tests */,
				AF17BF312954BF6C00C391DF /* HomeWork N1 (4)UITests */,
			);
		};
/* End PBXProject section */

/* Begin PBXResourcesBuildPhase section */
		AF17BF102954BF6900C391DF /* Resources */ = {
			isa = PBXResourcesBuildPhase;
			buildActionMask = 2147483647;
			files = (
				AF17BF222954BF6C00C391DF /* LaunchScreen.storyboard in Resources */,
				AF17BF1F2954BF6C00C391DF /* Assets.xcassets in Resources */,
				AF17BF1D2954BF6900C391DF /* Main.storyboard in Resources */,
			);
			runOnlyForDeploymentPostprocessing = 0;
		};
		AF17BF262954BF6C00C391DF /* Resources */ = {
			isa = PBXResourcesBuildPhase;
			buildActionMask = 2147483647;
			files = (
			);
			runOnlyForDeploymentPostprocessing = 0;
		};
		AF17BF302954BF6C00C391DF /* Resources */ = {
			isa = PBXResourcesBuildPhase;
			buildActionMask = 2147483647;
			files = (
			);
			runOnlyForDeploymentPostprocessing = 0;
		};
/* End PBXResourcesBuildPhase section */

/* Begin PBXShellScriptBuildPhase section */
		1102EA44373F4BAA8A5A8AB4 /* [CP] Embed Pods Frameworks */ = {
			isa = PBXShellScriptBuildPhase;
			buildActionMask = 2147483647;
			files = (
			);
			inputFileListPaths = (
				"${PODS_ROOT}/Target Support Files/Pods-HomeWork N1 (4)-HomeWork N1 (4)UITests/Pods-HomeWork N1 (4)-HomeWork N1 (4)UITests-frameworks-${CONFIGURATION}-input-files.xcfilelist",
			);
			name = "[CP] Embed Pods Frameworks";
			outputFileListPaths = (
				"${PODS_ROOT}/Target Support Files/Pods-HomeWork N1 (4)-HomeWork N1 (4)UITests/Pods-HomeWork N1 (4)-HomeWork N1 (4)UITests-frameworks-${CONFIGURATION}-output-files.xcfilelist",
			);
			runOnlyForDeploymentPostprocessing = 0;
			shellPath = /bin/sh;
			shellScript = "\"${PODS_ROOT}/Target Support Files/Pods-HomeWork N1 (4)-HomeWork N1 (4)UITests/Pods-HomeWork N1 (4)-HomeWork N1 (4)UITests-frameworks.sh\"\n";
			showEnvVarsInLog = 0;
		};
		1C1E2576C1D18DC611D42871 /* [CP] Check Pods Manifest.lock */ = {
			isa = PBXShellScriptBuildPhase;
			buildActionMask = 2147483647;
			files = (
			);
			inputFileListPaths = (
			);
			inputPaths = (
				"${PODS_PODFILE_DIR_PATH}/Podfile.lock",
				"${PODS_ROOT}/Manifest.lock",
			);
			name = "[CP] Check Pods Manifest.lock";
			outputFileListPaths = (
			);
			outputPaths = (
				"$(DERIVED_FILE_DIR)/Pods-HomeWork N1 (4)-HomeWork N1 (4)UITests-checkManifestLockResult.txt",
			);
			runOnlyForDeploymentPostprocessing = 0;
			shellPath = /bin/sh;
			shellScript = "diff \"${PODS_PODFILE_DIR_PATH}/Podfile.lock\" \"${PODS_ROOT}/Manifest.lock\" > /dev/null\nif [ $? != 0 ] ; then\n    # print error to STDERR\n    echo \"error: The sandbox is not in sync with the Podfile.lock. Run 'pod install' or update your CocoaPods installation.\" >&2\n    exit 1\nfi\n# This output is used by Xcode 'outputs' to avoid re-running this script phase.\necho \"SUCCESS\" > \"${SCRIPT_OUTPUT_FILE_0}\"\n";
			showEnvVarsInLog = 0;
		};
		9E7D1AB1B950F65DBA5FE68A /* [CP] Embed Pods Frameworks */ = {
			isa = PBXShellScriptBuildPhase;
			buildActionMask = 2147483647;
			files = (
			);
			inputFileListPaths = (
				"${PODS_ROOT}/Target Support Files/Pods-HomeWork N1 (4)/Pods-HomeWork N1 (4)-frameworks-${CONFIGURATION}-input-files.xcfilelist",
			);
			name = "[CP] Embed Pods Frameworks";
			outputFileListPaths = (
				"${PODS_ROOT}/Target Support Files/Pods-HomeWork N1 (4)/Pods-HomeWork N1 (4)-frameworks-${CONFIGURATION}-output-files.xcfilelist",
			);
			runOnlyForDeploymentPostprocessing = 0;
			shellPath = /bin/sh;
			shellScript = "\"${PODS_ROOT}/Target Support Files/Pods-HomeWork N1 (4)/Pods-HomeWork N1 (4)-frameworks.sh\"\n";
			showEnvVarsInLog = 0;
		};
		C4B98D138B11F7C17C00EA41 /* [CP] Check Pods Manifest.lock */ = {
			isa = PBXShellScriptBuildPhase;
			buildActionMask = 2147483647;
			files = (
			);
			inputFileListPaths = (
			);
			inputPaths = (
				"${PODS_PODFILE_DIR_PATH}/Podfile.lock",
				"${PODS_ROOT}/Manifest.lock",
			);
			name = "[CP] Check Pods Manifest.lock";
			outputFileListPaths = (
			);
			outputPaths = (
				"$(DERIVED_FILE_DIR)/Pods-HomeWork N1 (4)-checkManifestLockResult.txt",
			);
			runOnlyForDeploymentPostprocessing = 0;
			shellPath = /bin/sh;
			shellScript = "diff \"${PODS_PODFILE_DIR_PATH}/Podfile.lock\" \"${PODS_ROOT}/Manifest.lock\" > /dev/null\nif [ $? != 0 ] ; then\n    # print error to STDERR\n    echo \"error: The sandbox is not in sync with the Podfile.lock. Run 'pod install' or update your CocoaPods installation.\" >&2\n    exit 1\nfi\n# This output is used by Xcode 'outputs' to avoid re-running this script phase.\necho \"SUCCESS\" > \"${SCRIPT_OUTPUT_FILE_0}\"\n";
			showEnvVarsInLog = 0;
		};
		DF72D27A984C3C4F192F9EBC /* [CP] Check Pods Manifest.lock */ = {
			isa = PBXShellScriptBuildPhase;
			buildActionMask = 2147483647;
			files = (
			);
			inputFileListPaths = (
			);
			inputPaths = (
				"${PODS_PODFILE_DIR_PATH}/Podfile.lock",
				"${PODS_ROOT}/Manifest.lock",
			);
			name = "[CP] Check Pods Manifest.lock";
			outputFileListPaths = (
			);
			outputPaths = (
				"$(DERIVED_FILE_DIR)/Pods-HomeWork N1 (4)Tests-checkManifestLockResult.txt",
			);
			runOnlyForDeploymentPostprocessing = 0;
			shellPath = /bin/sh;
			shellScript = "diff \"${PODS_PODFILE_DIR_PATH}/Podfile.lock\" \"${PODS_ROOT}/Manifest.lock\" > /dev/null\nif [ $? != 0 ] ; then\n    # print error to STDERR\n    echo \"error: The sandbox is not in sync with the Podfile.lock. Run 'pod install' or update your CocoaPods installation.\" >&2\n    exit 1\nfi\n# This output is used by Xcode 'outputs' to avoid re-running this script phase.\necho \"SUCCESS\" > \"${SCRIPT_OUTPUT_FILE_0}\"\n";
			showEnvVarsInLog = 0;
		};
		F2423F9DEC4F229E77B8F80B /* [CP] Embed Pods Frameworks */ = {
			isa = PBXShellScriptBuildPhase;
			buildActionMask = 2147483647;
			files = (
			);
			inputFileListPaths = (
				"${PODS_ROOT}/Target Support Files/Pods-HomeWork N1 (4)Tests/Pods-HomeWork N1 (4)Tests-frameworks-${CONFIGURATION}-input-files.xcfilelist",
			);
			name = "[CP] Embed Pods Frameworks";
			outputFileListPaths = (
				"${PODS_ROOT}/Target Support Files/Pods-HomeWork N1 (4)Tests/Pods-HomeWork N1 (4)Tests-frameworks-${CONFIGURATION}-output-files.xcfilelist",
			);
			runOnlyForDeploymentPostprocessing = 0;
			shellPath = /bin/sh;
			shellScript = "\"${PODS_ROOT}/Target Support Files/Pods-HomeWork N1 (4)Tests/Pods-HomeWork N1 (4)Tests-frameworks.sh\"\n";
			showEnvVarsInLog = 0;
		};
/* End PBXShellScriptBuildPhase section */

/* Begin PBXSourcesBuildPhase section */
		AF17BF0E2954BF6900C391DF /* Sources */ = {
			isa = PBXSourcesBuildPhase;
			buildActionMask = 2147483647;
			files = (
				AF17BF1A2954BF6900C391DF /* ViewController.swift in Sources */,
				AF17BF162954BF6900C391DF /* AppDelegate.swift in Sources */,
				AF17BF182954BF6900C391DF /* SceneDelegate.swift in Sources */,
			);
			runOnlyForDeploymentPostprocessing = 0;
		};
		AF17BF242954BF6C00C391DF /* Sources */ = {
			isa = PBXSourcesBuildPhase;
			buildActionMask = 2147483647;
			files = (
				AF17BF2D2954BF6C00C391DF /* HomeWork_N1__4_Tests.swift in Sources */,
			);
			runOnlyForDeploymentPostprocessing = 0;
		};
		AF17BF2E2954BF6C00C391DF /* Sources */ = {
			isa = PBXSourcesBuildPhase;
			buildActionMask = 2147483647;
			files = (
				AF17BF392954BF6C00C391DF /* HomeWork_N1__4_UITestsLaunchTests.swift in Sources */,
				AF17BF372954BF6C00C391DF /* HomeWork_N1__4_UITests.swift in Sources */,
			);
			runOnlyForDeploymentPostprocessing = 0;
		};
/* End PBXSourcesBuildPhase section */

/* Begin PBXTargetDependency section */
		AF17BF2A2954BF6C00C391DF /* PBXTargetDependency */ = {
			isa = PBXTargetDependency;
			target = AF17BF112954BF6900C391DF /* HomeWork N1 (4) */;
			targetProxy = AF17BF292954BF6C00C391DF /* PBXContainerItemProxy */;
		};
		AF17BF342954BF6C00C391DF /* PBXTargetDependency */ = {
			isa = PBXTargetDependency;
			target = AF17BF112954BF6900C391DF /* HomeWork N1 (4) */;
			targetProxy = AF17BF332954BF6C00C391DF /* PBXContainerItemProxy */;
		};
/* End PBXTargetDependency section */

/* Begin PBXVariantGroup section */
		AF17BF1B2954BF6900C391DF /* Main.storyboard */ = {
			isa = PBXVariantGroup;
			children = (
				AF17BF1C2954BF6900C391DF /* Base */,
			);
			name = Main.storyboard;
			sourceTree = "<group>";
		};
		AF17BF202954BF6C00C391DF /* LaunchScreen.storyboard */ = {
			isa = PBXVariantGroup;
			children = (
				AF17BF212954BF6C00C391DF /* Base */,
			);
			name = LaunchScreen.storyboard;
			sourceTree = "<group>";
		};
/* End PBXVariantGroup section */

/* Begin XCBuildConfiguration section */
		AF17BF3A2954BF6C00C391DF /* Debug */ = {
			isa = XCBuildConfiguration;
			buildSettings = {
				ALWAYS_SEARCH_USER_PATHS = NO;
				CLANG_ANALYZER_NONNULL = YES;
				CLANG_ANALYZER_NUMBER_OBJECT_CONVERSION = YES_AGGRESSIVE;
				CLANG_CXX_LANGUAGE_STANDARD = "gnu++20";
				CLANG_ENABLE_MODULES = YES;
				CLANG_ENABLE_OBJC_ARC = YES;
				CLANG_ENABLE_OBJC_WEAK = YES;
				CLANG_WARN_BLOCK_CAPTURE_AUTORELEASING = YES;
				CLANG_WARN_BOOL_CONVERSION = YES;
				CLANG_WARN_COMMA = YES;
				CLANG_WARN_CONSTANT_CONVERSION = YES;
				CLANG_WARN_DEPRECATED_OBJC_IMPLEMENTATIONS = YES;
				CLANG_WARN_DIRECT_OBJC_ISA_USAGE = YES_ERROR;
				CLANG_WARN_DOCUMENTATION_COMMENTS = YES;
				CLANG_WARN_EMPTY_BODY = YES;
				CLANG_WARN_ENUM_CONVERSION = YES;
				CLANG_WARN_INFINITE_RECURSION = YES;
				CLANG_WARN_INT_CONVERSION = YES;
				CLANG_WARN_NON_LITERAL_NULL_CONVERSION = YES;
				CLANG_WARN_OBJC_IMPLICIT_RETAIN_SELF = YES;
				CLANG_WARN_OBJC_LITERAL_CONVERSION = YES;
				CLANG_WARN_OBJC_ROOT_CLASS = YES_ERROR;
				CLANG_WARN_QUOTED_INCLUDE_IN_FRAMEWORK_HEADER = YES;
				CLANG_WARN_RANGE_LOOP_ANALYSIS = YES;
				CLANG_WARN_STRICT_PROTOTYPES = YES;
				CLANG_WARN_SUSPICIOUS_MOVE = YES;
				CLANG_WARN_UNGUARDED_AVAILABILITY = YES_AGGRESSIVE;
				CLANG_WARN_UNREACHABLE_CODE = YES;
				CLANG_WARN__DUPLICATE_METHOD_MATCH = YES;
				COPY_PHASE_STRIP = NO;
				DEBUG_INFORMATION_FORMAT = dwarf;
				ENABLE_STRICT_OBJC_MSGSEND = YES;
				ENABLE_TESTABILITY = YES;
				GCC_C_LANGUAGE_STANDARD = gnu11;
				GCC_DYNAMIC_NO_PIC = NO;
				GCC_NO_COMMON_BLOCKS = YES;
				GCC_OPTIMIZATION_LEVEL = 0;
				GCC_PREPROCESSOR_DEFINITIONS = (
					"DEBUG=1",
					"$(inherited)",
				);
				GCC_WARN_64_TO_32_BIT_CONVERSION = YES;
				GCC_WARN_ABOUT_RETURN_TYPE = YES_ERROR;
				GCC_WARN_UNDECLARED_SELECTOR = YES;
				GCC_WARN_UNINITIALIZED_AUTOS = YES_AGGRESSIVE;
				GCC_WARN_UNUSED_FUNCTION = YES;
				GCC_WARN_UNUSED_VARIABLE = YES;
				IPHONEOS_DEPLOYMENT_TARGET = 16.2;
				MTL_ENABLE_DEBUG_INFO = INCLUDE_SOURCE;
				MTL_FAST_MATH = YES;
				ONLY_ACTIVE_ARCH = YES;
				SDKROOT = iphoneos;
				SWIFT_ACTIVE_COMPILATION_CONDITIONS = DEBUG;
				SWIFT_OPTIMIZATION_LEVEL = "-Onone";
			};
			name = Debug;
		};
		AF17BF3B2954BF6C00C391DF /* Release */ = {
			isa = XCBuildConfiguration;
			buildSettings = {
				ALWAYS_SEARCH_USER_PATHS = NO;
				CLANG_ANALYZER_NONNULL = YES;
				CLANG_ANALYZER_NUMBER_OBJECT_CONVERSION = YES_AGGRESSIVE;
				CLANG_CXX_LANGUAGE_STANDARD = "gnu++20";
				CLANG_ENABLE_MODULES = YES;
				CLANG_ENABLE_OBJC_ARC = YES;
				CLANG_ENABLE_OBJC_WEAK = YES;
				CLANG_WARN_BLOCK_CAPTURE_AUTORELEASING = YES;
				CLANG_WARN_BOOL_CONVERSION = YES;
				CLANG_WARN_COMMA = YES;
				CLANG_WARN_CONSTANT_CONVERSION = YES;
				CLANG_WARN_DEPRECATED_OBJC_IMPLEMENTATIONS = YES;
				CLANG_WARN_DIRECT_OBJC_ISA_USAGE = YES_ERROR;
				CLANG_WARN_DOCUMENTATION_COMMENTS = YES;
				CLANG_WARN_EMPTY_BODY = YES;
				CLANG_WARN_ENUM_CONVERSION = YES;
				CLANG_WARN_INFINITE_RECURSION = YES;
				CLANG_WARN_INT_CONVERSION = YES;
				CLANG_WARN_NON_LITERAL_NULL_CONVERSION = YES;
				CLANG_WARN_OBJC_IMPLICIT_RETAIN_SELF = YES;
				CLANG_WARN_OBJC_LITERAL_CONVERSION = YES;
				CLANG_WARN_OBJC_ROOT_CLASS = YES_ERROR;
				CLANG_WARN_QUOTED_INCLUDE_IN_FRAMEWORK_HEADER = YES;
				CLANG_WARN_RANGE_LOOP_ANALYSIS = YES;
				CLANG_WARN_STRICT_PROTOTYPES = YES;
				CLANG_WARN_SUSPICIOUS_MOVE = YES;
				CLANG_WARN_UNGUARDED_AVAILABILITY = YES_AGGRESSIVE;
				CLANG_WARN_UNREACHABLE_CODE = YES;
				CLANG_WARN__DUPLICATE_METHOD_MATCH = YES;
				COPY_PHASE_STRIP = NO;
				DEBUG_INFORMATION_FORMAT = "dwarf-with-dsym";
				ENABLE_NS_ASSERTIONS = NO;
				ENABLE_STRICT_OBJC_MSGSEND = YES;
				GCC_C_LANGUAGE_STANDARD = gnu11;
				GCC_NO_COMMON_BLOCKS = YES;
				GCC_WARN_64_TO_32_BIT_CONVERSION = YES;
				GCC_WARN_ABOUT_RETURN_TYPE = YES_ERROR;
				GCC_WARN_UNDECLARED_SELECTOR = YES;
				GCC_WARN_UNINITIALIZED_AUTOS = YES_AGGRESSIVE;
				GCC_WARN_UNUSED_FUNCTION = YES;
				GCC_WARN_UNUSED_VARIABLE = YES;
				IPHONEOS_DEPLOYMENT_TARGET = 16.2;
				MTL_ENABLE_DEBUG_INFO = NO;
				MTL_FAST_MATH = YES;
				SDKROOT = iphoneos;
				SWIFT_COMPILATION_MODE = wholemodule;
				SWIFT_OPTIMIZATION_LEVEL = "-O";
				VALIDATE_PRODUCT = YES;
			};
			name = Release;
		};
		AF17BF3D2954BF6C00C391DF /* Debug */ = {
			isa = XCBuildConfiguration;
			baseConfigurationReference = 3FB4A19BBF550D4E5B9698F8 /* Pods-HomeWork N1 (4).debug.xcconfig */;
			buildSettings = {
				ASSETCATALOG_COMPILER_APPICON_NAME = AppIcon;
				ASSETCATALOG_COMPILER_GLOBAL_ACCENT_COLOR_NAME = AccentColor;
				CODE_SIGN_STYLE = Automatic;
				CURRENT_PROJECT_VERSION = 1;
				GENERATE_INFOPLIST_FILE = YES;
				INFOPLIST_FILE = "HomeWork N1 (4)/Info.plist";
				INFOPLIST_KEY_UIApplicationSupportsIndirectInputEvents = YES;
				INFOPLIST_KEY_UILaunchStoryboardName = LaunchScreen;
				INFOPLIST_KEY_UIMainStoryboardFile = Main;
				INFOPLIST_KEY_UISupportedInterfaceOrientations_iPad = "UIInterfaceOrientationPortrait UIInterfaceOrientationPortraitUpsideDown UIInterfaceOrientationLandscapeLeft UIInterfaceOrientationLandscapeRight";
				INFOPLIST_KEY_UISupportedInterfaceOrientations_iPhone = "UIInterfaceOrientationPortrait UIInterfaceOrientationLandscapeLeft UIInterfaceOrientationLandscapeRight";
				LD_RUNPATH_SEARCH_PATHS = (
					"$(inherited)",
					"@executable_path/Frameworks",
				);
				MARKETING_VERSION = 1.0;
				PRODUCT_BUNDLE_IDENTIFIER = "w.HomeWork-N1--4-";
				PRODUCT_NAME = "$(TARGET_NAME)";
				SWIFT_EMIT_LOC_STRINGS = YES;
				SWIFT_VERSION = 5.0;
				TARGETED_DEVICE_FAMILY = "1,2";
			};
			name = Debug;
		};
		AF17BF3E2954BF6C00C391DF /* Release */ = {
			isa = XCBuildConfiguration;
			baseConfigurationReference = 92936A4B30D2B7DCA3E36B9C /* Pods-HomeWork N1 (4).release.xcconfig */;
			buildSettings = {
				ASSETCATALOG_COMPILER_APPICON_NAME = AppIcon;
				ASSETCATALOG_COMPILER_GLOBAL_ACCENT_COLOR_NAME = AccentColor;
				CODE_SIGN_STYLE = Automatic;
				CURRENT_PROJECT_VERSION = 1;
				GENERATE_INFOPLIST_FILE = YES;
				INFOPLIST_FILE = "HomeWork N1 (4)/Info.plist";
				INFOPLIST_KEY_UIApplicationSupportsIndirectInputEvents = YES;
				INFOPLIST_KEY_UILaunchStoryboardName = LaunchScreen;
				INFOPLIST_KEY_UIMainStoryboardFile = Main;
				INFOPLIST_KEY_UISupportedInterfaceOrientations_iPad = "UIInterfaceOrientationPortrait UIInterfaceOrientationPortraitUpsideDown UIInterfaceOrientationLandscapeLeft UIInterfaceOrientationLandscapeRight";
				INFOPLIST_KEY_UISupportedInterfaceOrientations_iPhone = "UIInterfaceOrientationPortrait UIInterfaceOrientationLandscapeLeft UIInterfaceOrientationLandscapeRight";
				LD_RUNPATH_SEARCH_PATHS = (
					"$(inherited)",
					"@executable_path/Frameworks",
				);
				MARKETING_VERSION = 1.0;
				PRODUCT_BUNDLE_IDENTIFIER = "w.HomeWork-N1--4-";
				PRODUCT_NAME = "$(TARGET_NAME)";
				SWIFT_EMIT_LOC_STRINGS = YES;
				SWIFT_VERSION = 5.0;
				TARGETED_DEVICE_FAMILY = "1,2";
			};
			name = Release;
		};
		AF17BF402954BF6C00C391DF /* Debug */ = {
			isa = XCBuildConfiguration;
			baseConfigurationReference = 19D2EC19518E6C1F61A210DD /* Pods-HomeWork N1 (4)Tests.debug.xcconfig */;
			buildSettings = {
				ALWAYS_EMBED_SWIFT_STANDARD_LIBRARIES = YES;
				BUNDLE_LOADER = "$(TEST_HOST)";
				CODE_SIGN_STYLE = Automatic;
				CURRENT_PROJECT_VERSION = 1;
				GENERATE_INFOPLIST_FILE = YES;
				IPHONEOS_DEPLOYMENT_TARGET = 16.2;
				MARKETING_VERSION = 1.0;
				PRODUCT_BUNDLE_IDENTIFIER = "w.HomeWork-N1--4-Tests";
				PRODUCT_NAME = "$(TARGET_NAME)";
				SWIFT_EMIT_LOC_STRINGS = NO;
				SWIFT_VERSION = 5.0;
				TARGETED_DEVICE_FAMILY = "1,2";
				TEST_HOST = "$(BUILT_PRODUCTS_DIR)/HomeWork N1 (4).app/$(BUNDLE_EXECUTABLE_FOLDER_PATH)/HomeWork N1 (4)";
			};
			name = Debug;
		};
		AF17BF412954BF6C00C391DF /* Release */ = {
			isa = XCBuildConfiguration;
			baseConfigurationReference = C0F97A9C8FC49F69748C3211 /* Pods-HomeWork N1 (4)Tests.release.xcconfig */;
			buildSettings = {
				ALWAYS_EMBED_SWIFT_STANDARD_LIBRARIES = YES;
				BUNDLE_LOADER = "$(TEST_HOST)";
				CODE_SIGN_STYLE = Automatic;
				CURRENT_PROJECT_VERSION = 1;
				GENERATE_INFOPLIST_FILE = YES;
				IPHONEOS_DEPLOYMENT_TARGET = 16.2;
				MARKETING_VERSION = 1.0;
				PRODUCT_BUNDLE_IDENTIFIER = "w.HomeWork-N1--4-Tests";
				PRODUCT_NAME = "$(TARGET_NAME)";
				SWIFT_EMIT_LOC_STRINGS = NO;
				SWIFT_VERSION = 5.0;
				TARGETED_DEVICE_FAMILY = "1,2";
				TEST_HOST = "$(BUILT_PRODUCTS_DIR)/HomeWork N1 (4).app/$(BUNDLE_EXECUTABLE_FOLDER_PATH)/HomeWork N1 (4)";
			};
			name = Release;
		};
		AF17BF432954BF6C00C391DF /* Debug */ = {
			isa = XCBuildConfiguration;
			baseConfigurationReference = F76ACD2044832F5D93B79DA5 /* Pods-HomeWork N1 (4)-HomeWork N1 (4)UITests.debug.xcconfig */;
			buildSettings = {
				ALWAYS_EMBED_SWIFT_STANDARD_LIBRARIES = YES;
				CODE_SIGN_STYLE = Automatic;
				CURRENT_PROJECT_VERSION = 1;
				GENERATE_INFOPLIST_FILE = YES;
				MARKETING_VERSION = 1.0;
				PRODUCT_BUNDLE_IDENTIFIER = "w.HomeWork-N1--4-UITests";
				PRODUCT_NAME = "$(TARGET_NAME)";
				SWIFT_EMIT_LOC_STRINGS = NO;
				SWIFT_VERSION = 5.0;
				TARGETED_DEVICE_FAMILY = "1,2";
				TEST_TARGET_NAME = "HomeWork N1 (4)";
			};
			name = Debug;
		};
		AF17BF442954BF6C00C391DF /* Release */ = {
			isa = XCBuildConfiguration;
			baseConfigurationReference = 7E022216FD75BEE4EE5979D3 /* Pods-HomeWork N1 (4)-HomeWork N1 (4)UITests.release.xcconfig */;
			buildSettings = {
				ALWAYS_EMBED_SWIFT_STANDARD_LIBRARIES = YES;
				CODE_SIGN_STYLE = Automatic;
				CURRENT_PROJECT_VERSION = 1;
				GENERATE_INFOPLIST_FILE = YES;
				MARKETING_VERSION = 1.0;
				PRODUCT_BUNDLE_IDENTIFIER = "w.HomeWork-N1--4-UITests";
				PRODUCT_NAME = "$(TARGET_NAME)";
				SWIFT_EMIT_LOC_STRINGS = NO;
				SWIFT_VERSION = 5.0;
				TARGETED_DEVICE_FAMILY = "1,2";
				TEST_TARGET_NAME = "HomeWork N1 (4)";
			};
			name = Release;
		};
/* End XCBuildConfiguration section */

/* Begin XCConfigurationList section */
		AF17BF0D2954BF6900C391DF /* Build configuration list for PBXProject "HomeWork N1 (4)" */ = {
			isa = XCConfigurationList;
			buildConfigurations = (
				AF17BF3A2954BF6C00C391DF /* Debug */,
				AF17BF3B2954BF6C00C391DF /* Release */,
			);
			defaultConfigurationIsVisible = 0;
			defaultConfigurationName = Release;
		};
		AF17BF3C2954BF6C00C391DF /* Build configuration list for PBXNativeTarget "HomeWork N1 (4)" */ = {
			isa = XCConfigurationList;
			buildConfigurations = (
				AF17BF3D2954BF6C00C391DF /* Debug */,
				AF17BF3E2954BF6C00C391DF /* Release */,
			);
			defaultConfigurationIsVisible = 0;
			defaultConfigurationName = Release;
		};
		AF17BF3F2954BF6C00C391DF /* Build configuration list for PBXNativeTarget "HomeWork N1 (4)Tests" */ = {
			isa = XCConfigurationList;
			buildConfigurations = (
				AF17BF402954BF6C00C391DF /* Debug */,
				AF17BF412954BF6C00C391DF /* Release */,
			);
			defaultConfigurationIsVisible = 0;
			defaultConfigurationName = Release;
		};
		AF17BF422954BF6C00C391DF /* Build configuration list for PBXNativeTarget "HomeWork N1 (4)UITests" */ = {
			isa = XCConfigurationList;
			buildConfigurations = (
				AF17BF432954BF6C00C391DF /* Debug */,
				AF17BF442954BF6C00C391DF /* Release */,
			);
			defaultConfigurationIsVisible = 0;
			defaultConfigurationName = Release;
		};
/* End XCConfigurationList section */
	};
	rootObject = AF17BF0A2954BF6900C391DF /* Project object */;
}
